// !$*UTF8*$!
{
	archiveVersion = 1;
	classes = {
	};
	objectVersion = 56;
	objects = {

/* Begin PBXBuildFile section */
		03B268252BB1D4E8006774F2 /* MetadataPrototypeApp.swift in Sources */ = {isa = PBXBuildFile; fileRef = 03B268242BB1D4E8006774F2 /* MetadataPrototypeApp.swift */; };
		03B268272BB1D4E8006774F2 /* LinkPreview.swift in Sources */ = {isa = PBXBuildFile; fileRef = 03B268262BB1D4E8006774F2 /* LinkPreview.swift */; };
		03B268292BB1D4E9006774F2 /* Assets.xcassets in Resources */ = {isa = PBXBuildFile; fileRef = 03B268282BB1D4E9006774F2 /* Assets.xcassets */; };
		03B2682D2BB1D4E9006774F2 /* Preview Assets.xcassets in Resources */ = {isa = PBXBuildFile; fileRef = 03B2682C2BB1D4E9006774F2 /* Preview Assets.xcassets */; };
		03B268372BB1D4E9006774F2 /* MetadataPrototypeTests.swift in Sources */ = {isa = PBXBuildFile; fileRef = 03B268362BB1D4E9006774F2 /* MetadataPrototypeTests.swift */; };
		03B268412BB1D4E9006774F2 /* MetadataPrototypeUITests.swift in Sources */ = {isa = PBXBuildFile; fileRef = 03B268402BB1D4E9006774F2 /* MetadataPrototypeUITests.swift */; };
		03B268432BB1D4E9006774F2 /* MetadataPrototypeUITestsLaunchTests.swift in Sources */ = {isa = PBXBuildFile; fileRef = 03B268422BB1D4E9006774F2 /* MetadataPrototypeUITestsLaunchTests.swift */; };
/* End PBXBuildFile section */

/* Begin PBXContainerItemProxy section */
		03B268332BB1D4E9006774F2 /* PBXContainerItemProxy */ = {
			isa = PBXContainerItemProxy;
			containerPortal = 03B268192BB1D4E8006774F2 /* Project object */;
			proxyType = 1;
			remoteGlobalIDString = 03B268202BB1D4E8006774F2;
			remoteInfo = MetadataPrototype;
		};
		03B2683D2BB1D4E9006774F2 /* PBXContainerItemProxy */ = {
			isa = PBXContainerItemProxy;
			containerPortal = 03B268192BB1D4E8006774F2 /* Project object */;
			proxyType = 1;
			remoteGlobalIDString = 03B268202BB1D4E8006774F2;
			remoteInfo = MetadataPrototype;
		};
/* End PBXContainerItemProxy section */

/* Begin PBXFileReference section */
		03B268212BB1D4E8006774F2 /* MetadataPrototype.app */ = {isa = PBXFileReference; explicitFileType = wrapper.application; includeInIndex = 0; path = MetadataPrototype.app; sourceTree = BUILT_PRODUCTS_DIR; };
		03B268242BB1D4E8006774F2 /* MetadataPrototypeApp.swift */ = {isa = PBXFileReference; lastKnownFileType = sourcecode.swift; path = MetadataPrototypeApp.swift; sourceTree = "<group>"; };
		03B268262BB1D4E8006774F2 /* LinkPreview.swift */ = {isa = PBXFileReference; lastKnownFileType = sourcecode.swift; path = LinkPreview.swift; sourceTree = "<group>"; };
		03B268282BB1D4E9006774F2 /* Assets.xcassets */ = {isa = PBXFileReference; lastKnownFileType = folder.assetcatalog; path = Assets.xcassets; sourceTree = "<group>"; };
		03B2682A2BB1D4E9006774F2 /* MetadataPrototype.entitlements */ = {isa = PBXFileReference; lastKnownFileType = text.plist.entitlements; path = MetadataPrototype.entitlements; sourceTree = "<group>"; };
		03B2682C2BB1D4E9006774F2 /* Preview Assets.xcassets */ = {isa = PBXFileReference; lastKnownFileType = folder.assetcatalog; path = "Preview Assets.xcassets"; sourceTree = "<group>"; };
		03B268322BB1D4E9006774F2 /* MetadataPrototypeTests.xctest */ = {isa = PBXFileReference; explicitFileType = wrapper.cfbundle; includeInIndex = 0; path = MetadataPrototypeTests.xctest; sourceTree = BUILT_PRODUCTS_DIR; };
		03B268362BB1D4E9006774F2 /* MetadataPrototypeTests.swift */ = {isa = PBXFileReference; lastKnownFileType = sourcecode.swift; path = MetadataPrototypeTests.swift; sourceTree = "<group>"; };
		03B2683C2BB1D4E9006774F2 /* MetadataPrototypeUITests.xctest */ = {isa = PBXFileReference; explicitFileType = wrapper.cfbundle; includeInIndex = 0; path = MetadataPrototypeUITests.xctest; sourceTree = BUILT_PRODUCTS_DIR; };
		03B268402BB1D4E9006774F2 /* MetadataPrototypeUITests.swift */ = {isa = PBXFileReference; lastKnownFileType = sourcecode.swift; path = MetadataPrototypeUITests.swift; sourceTree = "<group>"; };
		03B268422BB1D4E9006774F2 /* MetadataPrototypeUITestsLaunchTests.swift */ = {isa = PBXFileReference; lastKnownFileType = sourcecode.swift; path = MetadataPrototypeUITestsLaunchTests.swift; sourceTree = "<group>"; };
/* End PBXFileReference section */

/* Begin PBXFrameworksBuildPhase section */
		03B2681E2BB1D4E8006774F2 /* Frameworks */ = {
			isa = PBXFrameworksBuildPhase;
			buildActionMask = 2147483647;
			files = (
			);
			runOnlyForDeploymentPostprocessing = 0;
		};
		03B2682F2BB1D4E9006774F2 /* Frameworks */ = {
			isa = PBXFrameworksBuildPhase;
			buildActionMask = 2147483647;
			files = (
			);
			runOnlyForDeploymentPostprocessing = 0;
		};
		03B268392BB1D4E9006774F2 /* Frameworks */ = {
			isa = PBXFrameworksBuildPhase;
			buildActionMask = 2147483647;
			files = (
			);
			runOnlyForDeploymentPostprocessing = 0;
		};
/* End PBXFrameworksBuildPhase section */

/* Begin PBXGroup section */
		03B268182BB1D4E8006774F2 = {
			isa = PBXGroup;
			children = (
				03B268232BB1D4E8006774F2 /* MetadataPrototype */,
				03B268352BB1D4E9006774F2 /* MetadataPrototypeTests */,
				03B2683F2BB1D4E9006774F2 /* MetadataPrototypeUITests */,
				03B268222BB1D4E8006774F2 /* Products */,
			);
			sourceTree = "<group>";
		};
		03B268222BB1D4E8006774F2 /* Products */ = {
			isa = PBXGroup;
			children = (
				03B268212BB1D4E8006774F2 /* MetadataPrototype.app */,
				03B268322BB1D4E9006774F2 /* MetadataPrototypeTests.xctest */,
				03B2683C2BB1D4E9006774F2 /* MetadataPrototypeUITests.xctest */,
			);
			name = Products;
			sourceTree = "<group>";
		};
		03B268232BB1D4E8006774F2 /* MetadataPrototype */ = {
			isa = PBXGroup;
			children = (
				03B268242BB1D4E8006774F2 /* MetadataPrototypeApp.swift */,
				03B268262BB1D4E8006774F2 /* LinkPreview.swift */,
				03B268282BB1D4E9006774F2 /* Assets.xcassets */,
				03B2682A2BB1D4E9006774F2 /* MetadataPrototype.entitlements */,
				03B2682B2BB1D4E9006774F2 /* Preview Content */,
			);
			path = MetadataPrototype;
			sourceTree = "<group>";
		};
		03B2682B2BB1D4E9006774F2 /* Preview Content */ = {
			isa = PBXGroup;
			children = (
				03B2682C2BB1D4E9006774F2 /* Preview Assets.xcassets */,
			);
			path = "Preview Content";
			sourceTree = "<group>";
		};
		03B268352BB1D4E9006774F2 /* MetadataPrototypeTests */ = {
			isa = PBXGroup;
			children = (
				03B268362BB1D4E9006774F2 /* MetadataPrototypeTests.swift */,
			);
			path = MetadataPrototypeTests;
			sourceTree = "<group>";
		};
		03B2683F2BB1D4E9006774F2 /* MetadataPrototypeUITests */ = {
			isa = PBXGroup;
			children = (
				03B268402BB1D4E9006774F2 /* MetadataPrototypeUITests.swift */,
				03B268422BB1D4E9006774F2 /* MetadataPrototypeUITestsLaunchTests.swift */,
			);
			path = MetadataPrototypeUITests;
			sourceTree = "<group>";
		};
/* End PBXGroup section */

/* Begin PBXNativeTarget section */
		03B268202BB1D4E8006774F2 /* MetadataPrototype */ = {
			isa = PBXNativeTarget;
			buildConfigurationList = 03B268462BB1D4E9006774F2 /* Build configuration list for PBXNativeTarget "MetadataPrototype" */;
			buildPhases = (
				03B2681D2BB1D4E8006774F2 /* Sources */,
				03B2681E2BB1D4E8006774F2 /* Frameworks */,
				03B2681F2BB1D4E8006774F2 /* Resources */,
			);
			buildRules = (
			);
			dependencies = (
			);
			name = MetadataPrototype;
			productName = MetadataPrototype;
			productReference = 03B268212BB1D4E8006774F2 /* MetadataPrototype.app */;
			productType = "com.apple.product-type.application";
		};
		03B268312BB1D4E9006774F2 /* MetadataPrototypeTests */ = {
			isa = PBXNativeTarget;
			buildConfigurationList = 03B268492BB1D4E9006774F2 /* Build configuration list for PBXNativeTarget "MetadataPrototypeTests" */;
			buildPhases = (
				03B2682E2BB1D4E9006774F2 /* Sources */,
				03B2682F2BB1D4E9006774F2 /* Frameworks */,
				03B268302BB1D4E9006774F2 /* Resources */,
			);
			buildRules = (
			);
			dependencies = (
				03B268342BB1D4E9006774F2 /* PBXTargetDependency */,
			);
			name = MetadataPrototypeTests;
			productName = MetadataPrototypeTests;
			productReference = 03B268322BB1D4E9006774F2 /* MetadataPrototypeTests.xctest */;
			productType = "com.apple.product-type.bundle.unit-test";
		};
		03B2683B2BB1D4E9006774F2 /* MetadataPrototypeUITests */ = {
			isa = PBXNativeTarget;
			buildConfigurationList = 03B2684C2BB1D4E9006774F2 /* Build configuration list for PBXNativeTarget "MetadataPrototypeUITests" */;
			buildPhases = (
				03B268382BB1D4E9006774F2 /* Sources */,
				03B268392BB1D4E9006774F2 /* Frameworks */,
				03B2683A2BB1D4E9006774F2 /* Resources */,
			);
			buildRules = (
			);
			dependencies = (
				03B2683E2BB1D4E9006774F2 /* PBXTargetDependency */,
			);
			name = MetadataPrototypeUITests;
			productName = MetadataPrototypeUITests;
			productReference = 03B2683C2BB1D4E9006774F2 /* MetadataPrototypeUITests.xctest */;
			productType = "com.apple.product-type.bundle.ui-testing";
		};
/* End PBXNativeTarget section */

/* Begin PBXProject section */
		03B268192BB1D4E8006774F2 /* Project object */ = {
			isa = PBXProject;
			attributes = {
				BuildIndependentTargetsInParallel = 1;
				LastSwiftUpdateCheck = 1530;
				LastUpgradeCheck = 1530;
				TargetAttributes = {
					03B268202BB1D4E8006774F2 = {
						CreatedOnToolsVersion = 15.3;
					};
					03B268312BB1D4E9006774F2 = {
						CreatedOnToolsVersion = 15.3;
						TestTargetID = 03B268202BB1D4E8006774F2;
					};
					03B2683B2BB1D4E9006774F2 = {
						CreatedOnToolsVersion = 15.3;
						TestTargetID = 03B268202BB1D4E8006774F2;
					};
				};
			};
			buildConfigurationList = 03B2681C2BB1D4E8006774F2 /* Build configuration list for PBXProject "MetadataPrototype" */;
			compatibilityVersion = "Xcode 14.0";
			developmentRegion = en;
			hasScannedForEncodings = 0;
			knownRegions = (
				en,
				Base,
			);
			mainGroup = 03B268182BB1D4E8006774F2;
			productRefGroup = 03B268222BB1D4E8006774F2 /* Products */;
			projectDirPath = "";
			projectRoot = "";
			targets = (
				03B268202BB1D4E8006774F2 /* MetadataPrototype */,
				03B268312BB1D4E9006774F2 /* MetadataPrototypeTests */,
				03B2683B2BB1D4E9006774F2 /* MetadataPrototypeUITests */,
			);
		};
/* End PBXProject section */

/* Begin PBXResourcesBuildPhase section */
		03B2681F2BB1D4E8006774F2 /* Resources */ = {
			isa = PBXResourcesBuildPhase;
			buildActionMask = 2147483647;
			files = (
				03B2682D2BB1D4E9006774F2 /* Preview Assets.xcassets in Resources */,
				03B268292BB1D4E9006774F2 /* Assets.xcassets in Resources */,
			);
			runOnlyForDeploymentPostprocessing = 0;
		};
		03B268302BB1D4E9006774F2 /* Resources */ = {
			isa = PBXResourcesBuildPhase;
			buildActionMask = 2147483647;
			files = (
			);
			runOnlyForDeploymentPostprocessing = 0;
		};
		03B2683A2BB1D4E9006774F2 /* Resources */ = {
			isa = PBXResourcesBuildPhase;
			buildActionMask = 2147483647;
			files = (
			);
			runOnlyForDeploymentPostprocessing = 0;
		};
/* End PBXResourcesBuildPhase section */

/* Begin PBXSourcesBuildPhase section */
		03B2681D2BB1D4E8006774F2 /* Sources */ = {
			isa = PBXSourcesBuildPhase;
			buildActionMask = 2147483647;
			files = (
				03B268272BB1D4E8006774F2 /* LinkPreview.swift in Sources */,
				03B268252BB1D4E8006774F2 /* MetadataPrototypeApp.swift in Sources */,
			);
			runOnlyForDeploymentPostprocessing = 0;
		};
		03B2682E2BB1D4E9006774F2 /* Sources */ = {
			isa = PBXSourcesBuildPhase;
			buildActionMask = 2147483647;
			files = (
				03B268372BB1D4E9006774F2 /* MetadataPrototypeTests.swift in Sources */,
			);
			runOnlyForDeploymentPostprocessing = 0;
		};
		03B268382BB1D4E9006774F2 /* Sources */ = {
			isa = PBXSourcesBuildPhase;
			buildActionMask = 2147483647;
			files = (
				03B268432BB1D4E9006774F2 /* MetadataPrototypeUITestsLaunchTests.swift in Sources */,
				03B268412BB1D4E9006774F2 /* MetadataPrototypeUITests.swift in Sources */,
			);
			runOnlyForDeploymentPostprocessing = 0;
		};
/* End PBXSourcesBuildPhase section */

/* Begin PBXTargetDependency section */
		03B268342BB1D4E9006774F2 /* PBXTargetDependency */ = {
			isa = PBXTargetDependency;
			target = 03B268202BB1D4E8006774F2 /* MetadataPrototype */;
			targetProxy = 03B268332BB1D4E9006774F2 /* PBXContainerItemProxy */;
		};
		03B2683E2BB1D4E9006774F2 /* PBXTargetDependency */ = {
			isa = PBXTargetDependency;
			target = 03B268202BB1D4E8006774F2 /* MetadataPrototype */;
			targetProxy = 03B2683D2BB1D4E9006774F2 /* PBXContainerItemProxy */;
		};
/* End PBXTargetDependency section */

/* Begin XCBuildConfiguration section */
		03B268442BB1D4E9006774F2 /* Debug */ = {
			isa = XCBuildConfiguration;
			buildSettings = {
				ALWAYS_SEARCH_USER_PATHS = NO;
				ASSETCATALOG_COMPILER_GENERATE_SWIFT_ASSET_SYMBOL_EXTENSIONS = YES;
				CLANG_ANALYZER_NONNULL = YES;
				CLANG_ANALYZER_NUMBER_OBJECT_CONVERSION = YES_AGGRESSIVE;
				CLANG_CXX_LANGUAGE_STANDARD = "gnu++20";
				CLANG_ENABLE_MODULES = YES;
				CLANG_ENABLE_OBJC_ARC = YES;
				CLANG_ENABLE_OBJC_WEAK = YES;
				CLANG_WARN_BLOCK_CAPTURE_AUTORELEASING = YES;
				CLANG_WARN_BOOL_CONVERSION = YES;
				CLANG_WARN_COMMA = YES;
				CLANG_WARN_CONSTANT_CONVERSION = YES;
				CLANG_WARN_DEPRECATED_OBJC_IMPLEMENTATIONS = YES;
				CLANG_WARN_DIRECT_OBJC_ISA_USAGE = YES_ERROR;
				CLANG_WARN_DOCUMENTATION_COMMENTS = YES;
				CLANG_WARN_EMPTY_BODY = YES;
				CLANG_WARN_ENUM_CONVERSION = YES;
				CLANG_WARN_INFINITE_RECURSION = YES;
				CLANG_WARN_INT_CONVERSION = YES;
				CLANG_WARN_NON_LITERAL_NULL_CONVERSION = YES;
				CLANG_WARN_OBJC_IMPLICIT_RETAIN_SELF = YES;
				CLANG_WARN_OBJC_LITERAL_CONVERSION = YES;
				CLANG_WARN_OBJC_ROOT_CLASS = YES_ERROR;
				CLANG_WARN_QUOTED_INCLUDE_IN_FRAMEWORK_HEADER = YES;
				CLANG_WARN_RANGE_LOOP_ANALYSIS = YES;
				CLANG_WARN_STRICT_PROTOTYPES = YES;
				CLANG_WARN_SUSPICIOUS_MOVE = YES;
				CLANG_WARN_UNGUARDED_AVAILABILITY = YES_AGGRESSIVE;
				CLANG_WARN_UNREACHABLE_CODE = YES;
				CLANG_WARN__DUPLICATE_METHOD_MATCH = YES;
				COPY_PHASE_STRIP = NO;
				DEBUG_INFORMATION_FORMAT = dwarf;
				ENABLE_STRICT_OBJC_MSGSEND = YES;
				ENABLE_TESTABILITY = YES;
				ENABLE_USER_SCRIPT_SANDBOXING = YES;
				GCC_C_LANGUAGE_STANDARD = gnu17;
				GCC_DYNAMIC_NO_PIC = NO;
				GCC_NO_COMMON_BLOCKS = YES;
				GCC_OPTIMIZATION_LEVEL = 0;
				GCC_PREPROCESSOR_DEFINITIONS = (
					"DEBUG=1",
					"$(inherited)",
				);
				GCC_WARN_64_TO_32_BIT_CONVERSION = YES;
				GCC_WARN_ABOUT_RETURN_TYPE = YES_ERROR;
				GCC_WARN_UNDECLARED_SELECTOR = YES;
				GCC_WARN_UNINITIALIZED_AUTOS = YES_AGGRESSIVE;
				GCC_WARN_UNUSED_FUNCTION = YES;
				GCC_WARN_UNUSED_VARIABLE = YES;
				LOCALIZATION_PREFERS_STRING_CATALOGS = YES;
				MTL_ENABLE_DEBUG_INFO = INCLUDE_SOURCE;
				MTL_FAST_MATH = YES;
				ONLY_ACTIVE_ARCH = YES;
				SWIFT_ACTIVE_COMPILATION_CONDITIONS = "DEBUG $(inherited)";
				SWIFT_OPTIMIZATION_LEVEL = "-Onone";
			};
			name = Debug;
		};
		03B268452BB1D4E9006774F2 /* Release */ = {
			isa = XCBuildConfiguration;
			buildSettings = {
				ALWAYS_SEARCH_USER_PATHS = NO;
				ASSETCATALOG_COMPILER_GENERATE_SWIFT_ASSET_SYMBOL_EXTENSIONS = YES;
				CLANG_ANALYZER_NONNULL = YES;
				CLANG_ANALYZER_NUMBER_OBJECT_CONVERSION = YES_AGGRESSIVE;
				CLANG_CXX_LANGUAGE_STANDARD = "gnu++20";
				CLANG_ENABLE_MODULES = YES;
				CLANG_ENABLE_OBJC_ARC = YES;
				CLANG_ENABLE_OBJC_WEAK = YES;
				CLANG_WARN_BLOCK_CAPTURE_AUTORELEASING = YES;
				CLANG_WARN_BOOL_CONVERSION = YES;
				CLANG_WARN_COMMA = YES;
				CLANG_WARN_CONSTANT_CONVERSION = YES;
				CLANG_WARN_DEPRECATED_OBJC_IMPLEMENTATIONS = YES;
				CLANG_WARN_DIRECT_OBJC_ISA_USAGE = YES_ERROR;
				CLANG_WARN_DOCUMENTATION_COMMENTS = YES;
				CLANG_WARN_EMPTY_BODY = YES;
				CLANG_WARN_ENUM_CONVERSION = YES;
				CLANG_WARN_INFINITE_RECURSION = YES;
				CLANG_WARN_INT_CONVERSION = YES;
				CLANG_WARN_NON_LITERAL_NULL_CONVERSION = YES;
				CLANG_WARN_OBJC_IMPLICIT_RETAIN_SELF = YES;
				CLANG_WARN_OBJC_LITERAL_CONVERSION = YES;
				CLANG_WARN_OBJC_ROOT_CLASS = YES_ERROR;
				CLANG_WARN_QUOTED_INCLUDE_IN_FRAMEWORK_HEADER = YES;
				CLANG_WARN_RANGE_LOOP_ANALYSIS = YES;
				CLANG_WARN_STRICT_PROTOTYPES = YES;
				CLANG_WARN_SUSPICIOUS_MOVE = YES;
				CLANG_WARN_UNGUARDED_AVAILABILITY = YES_AGGRESSIVE;
				CLANG_WARN_UNREACHABLE_CODE = YES;
				CLANG_WARN__DUPLICATE_METHOD_MATCH = YES;
				COPY_PHASE_STRIP = NO;
				DEBUG_INFORMATION_FORMAT = "dwarf-with-dsym";
				ENABLE_NS_ASSERTIONS = NO;
				ENABLE_STRICT_OBJC_MSGSEND = YES;
				ENABLE_USER_SCRIPT_SANDBOXING = YES;
				GCC_C_LANGUAGE_STANDARD = gnu17;
				GCC_NO_COMMON_BLOCKS = YES;
				GCC_WARN_64_TO_32_BIT_CONVERSION = YES;
				GCC_WARN_ABOUT_RETURN_TYPE = YES_ERROR;
				GCC_WARN_UNDECLARED_SELECTOR = YES;
				GCC_WARN_UNINITIALIZED_AUTOS = YES_AGGRESSIVE;
				GCC_WARN_UNUSED_FUNCTION = YES;
				GCC_WARN_UNUSED_VARIABLE = YES;
				LOCALIZATION_PREFERS_STRING_CATALOGS = YES;
				MTL_ENABLE_DEBUG_INFO = NO;
				MTL_FAST_MATH = YES;
				SWIFT_COMPILATION_MODE = wholemodule;
			};
			name = Release;
		};
		03B268472BB1D4E9006774F2 /* Debug */ = {
			isa = XCBuildConfiguration;
			buildSettings = {
				ASSETCATALOG_COMPILER_APPICON_NAME = AppIcon;
				ASSETCATALOG_COMPILER_GLOBAL_ACCENT_COLOR_NAME = AccentColor;
				CODE_SIGN_ENTITLEMENTS = MetadataPrototype/MetadataPrototype.entitlements;
				CODE_SIGN_STYLE = Automatic;
				CURRENT_PROJECT_VERSION = 1;
				DEVELOPMENT_ASSET_PATHS = "\"MetadataPrototype/Preview Content\"";
				DEVELOPMENT_TEAM = GZCZBKH7MY;
				ENABLE_HARDENED_RUNTIME = YES;
				ENABLE_PREVIEWS = YES;
				GENERATE_INFOPLIST_FILE = YES;
				"INFOPLIST_KEY_UIApplicationSceneManifest_Generation[sdk=iphoneos*]" = YES;
				"INFOPLIST_KEY_UIApplicationSceneManifest_Generation[sdk=iphonesimulator*]" = YES;
				"INFOPLIST_KEY_UIApplicationSupportsIndirectInputEvents[sdk=iphoneos*]" = YES;
				"INFOPLIST_KEY_UIApplicationSupportsIndirectInputEvents[sdk=iphonesimulator*]" = YES;
				"INFOPLIST_KEY_UILaunchScreen_Generation[sdk=iphoneos*]" = YES;
				"INFOPLIST_KEY_UILaunchScreen_Generation[sdk=iphonesimulator*]" = YES;
				"INFOPLIST_KEY_UIStatusBarStyle[sdk=iphoneos*]" = UIStatusBarStyleDefault;
				"INFOPLIST_KEY_UIStatusBarStyle[sdk=iphonesimulator*]" = UIStatusBarStyleDefault;
				INFOPLIST_KEY_UISupportedInterfaceOrientations_iPad = "UIInterfaceOrientationPortrait UIInterfaceOrientationPortraitUpsideDown UIInterfaceOrientationLandscapeLeft UIInterfaceOrientationLandscapeRight";
				INFOPLIST_KEY_UISupportedInterfaceOrientations_iPhone = "UIInterfaceOrientationPortrait UIInterfaceOrientationLandscapeLeft UIInterfaceOrientationLandscapeRight";
				IPHONEOS_DEPLOYMENT_TARGET = 17.4;
				LD_RUNPATH_SEARCH_PATHS = "@executable_path/Frameworks";
				"LD_RUNPATH_SEARCH_PATHS[sdk=macosx*]" = "@executable_path/../Frameworks";
				MACOSX_DEPLOYMENT_TARGET = 14.3;
				MARKETING_VERSION = 1.0;
				PRODUCT_BUNDLE_IDENTIFIER = social.nos.MetadataPrototype;
				PRODUCT_NAME = "$(TARGET_NAME)";
				SDKROOT = auto;
				SUPPORTED_PLATFORMS = "iphoneos iphonesimulator macosx";
				SWIFT_EMIT_LOC_STRINGS = YES;
				SWIFT_VERSION = 5.0;
				TARGETED_DEVICE_FAMILY = "1,2";
			};
			name = Debug;
		};
		03B268482BB1D4E9006774F2 /* Release */ = {
			isa = XCBuildConfiguration;
			buildSettings = {
				ASSETCATALOG_COMPILER_APPICON_NAME = AppIcon;
				ASSETCATALOG_COMPILER_GLOBAL_ACCENT_COLOR_NAME = AccentColor;
				CODE_SIGN_ENTITLEMENTS = MetadataPrototype/MetadataPrototype.entitlements;
				CODE_SIGN_STYLE = Automatic;
				CURRENT_PROJECT_VERSION = 1;
				DEVELOPMENT_ASSET_PATHS = "\"MetadataPrototype/Preview Content\"";
				DEVELOPMENT_TEAM = GZCZBKH7MY;
				ENABLE_HARDENED_RUNTIME = YES;
				ENABLE_PREVIEWS = YES;
				GENERATE_INFOPLIST_FILE = YES;
				"INFOPLIST_KEY_UIApplicationSceneManifest_Generation[sdk=iphoneos*]" = YES;
				"INFOPLIST_KEY_UIApplicationSceneManifest_Generation[sdk=iphonesimulator*]" = YES;
				"INFOPLIST_KEY_UIApplicationSupportsIndirectInputEvents[sdk=iphoneos*]" = YES;
				"INFOPLIST_KEY_UIApplicationSupportsIndirectInputEvents[sdk=iphonesimulator*]" = YES;
				"INFOPLIST_KEY_UILaunchScreen_Generation[sdk=iphoneos*]" = YES;
				"INFOPLIST_KEY_UILaunchScreen_Generation[sdk=iphonesimulator*]" = YES;
				"INFOPLIST_KEY_UIStatusBarStyle[sdk=iphoneos*]" = UIStatusBarStyleDefault;
				"INFOPLIST_KEY_UIStatusBarStyle[sdk=iphonesimulator*]" = UIStatusBarStyleDefault;
				INFOPLIST_KEY_UISupportedInterfaceOrientations_iPad = "UIInterfaceOrientationPortrait UIInterfaceOrientationPortraitUpsideDown UIInterfaceOrientationLandscapeLeft UIInterfaceOrientationLandscapeRight";
				INFOPLIST_KEY_UISupportedInterfaceOrientations_iPhone = "UIInterfaceOrientationPortrait UIInterfaceOrientationLandscapeLeft UIInterfaceOrientationLandscapeRight";
				IPHONEOS_DEPLOYMENT_TARGET = 17.4;
				LD_RUNPATH_SEARCH_PATHS = "@executable_path/Frameworks";
				"LD_RUNPATH_SEARCH_PATHS[sdk=macosx*]" = "@executable_path/../Frameworks";
				MACOSX_DEPLOYMENT_TARGET = 14.3;
				MARKETING_VERSION = 1.0;
				PRODUCT_BUNDLE_IDENTIFIER = social.nos.MetadataPrototype;
				PRODUCT_NAME = "$(TARGET_NAME)";
				SDKROOT = auto;
				SUPPORTED_PLATFORMS = "iphoneos iphonesimulator macosx";
				SWIFT_EMIT_LOC_STRINGS = YES;
				SWIFT_VERSION = 5.0;
				TARGETED_DEVICE_FAMILY = "1,2";
			};
			name = Release;
		};
		03B2684A2BB1D4E9006774F2 /* Debug */ = {
			isa = XCBuildConfiguration;
			buildSettings = {
				ALWAYS_EMBED_SWIFT_STANDARD_LIBRARIES = YES;
				BUNDLE_LOADER = "$(TEST_HOST)";
				CODE_SIGN_STYLE = Automatic;
				CURRENT_PROJECT_VERSION = 1;
				DEVELOPMENT_TEAM = GZCZBKH7MY;
				GENERATE_INFOPLIST_FILE = YES;
				IPHONEOS_DEPLOYMENT_TARGET = 17.4;
				MACOSX_DEPLOYMENT_TARGET = 14.3;
				MARKETING_VERSION = 1.0;
				PRODUCT_BUNDLE_IDENTIFIER = social.nos.MetadataPrototypeTests;
				PRODUCT_NAME = "$(TARGET_NAME)";
				SDKROOT = auto;
				SUPPORTED_PLATFORMS = "iphoneos iphonesimulator macosx";
				SWIFT_EMIT_LOC_STRINGS = NO;
				SWIFT_VERSION = 5.0;
				TARGETED_DEVICE_FAMILY = "1,2";
				TEST_HOST = "$(BUILT_PRODUCTS_DIR)/MetadataPrototype.app/$(BUNDLE_EXECUTABLE_FOLDER_PATH)/MetadataPrototype";
			};
			name = Debug;
		};
		03B2684B2BB1D4E9006774F2 /* Release */ = {
			isa = XCBuildConfiguration;
			buildSettings = {
				ALWAYS_EMBED_SWIFT_STANDARD_LIBRARIES = YES;
				BUNDLE_LOADER = "$(TEST_HOST)";
				CODE_SIGN_STYLE = Automatic;
				CURRENT_PROJECT_VERSION = 1;
				DEVELOPMENT_TEAM = GZCZBKH7MY;
				GENERATE_INFOPLIST_FILE = YES;
				IPHONEOS_DEPLOYMENT_TARGET = 17.4;
				MACOSX_DEPLOYMENT_TARGET = 14.3;
				MARKETING_VERSION = 1.0;
				PRODUCT_BUNDLE_IDENTIFIER = social.nos.MetadataPrototypeTests;
				PRODUCT_NAME = "$(TARGET_NAME)";
				SDKROOT = auto;
				SUPPORTED_PLATFORMS = "iphoneos iphonesimulator macosx";
				SWIFT_EMIT_LOC_STRINGS = NO;
				SWIFT_VERSION = 5.0;
				TARGETED_DEVICE_FAMILY = "1,2";
				TEST_HOST = "$(BUILT_PRODUCTS_DIR)/MetadataPrototype.app/$(BUNDLE_EXECUTABLE_FOLDER_PATH)/MetadataPrototype";
			};
			name = Release;
		};
		03B2684D2BB1D4E9006774F2 /* Debug */ = {
			isa = XCBuildConfiguration;
			buildSettings = {
				ALWAYS_EMBED_SWIFT_STANDARD_LIBRARIES = YES;
				CODE_SIGN_STYLE = Automatic;
				CURRENT_PROJECT_VERSION = 1;
				DEVELOPMENT_TEAM = GZCZBKH7MY;
				GENERATE_INFOPLIST_FILE = YES;
				IPHONEOS_DEPLOYMENT_TARGET = 17.4;
				MACOSX_DEPLOYMENT_TARGET = 14.3;
				MARKETING_VERSION = 1.0;
				PRODUCT_BUNDLE_IDENTIFIER = social.nos.MetadataPrototypeUITests;
				PRODUCT_NAME = "$(TARGET_NAME)";
				SDKROOT = auto;
				SUPPORTED_PLATFORMS = "iphoneos iphonesimulator macosx";
				SWIFT_EMIT_LOC_STRINGS = NO;
				SWIFT_VERSION = 5.0;
				TARGETED_DEVICE_FAMILY = "1,2";
				TEST_TARGET_NAME = MetadataPrototype;
			};
			name = Debug;
		};
		03B2684E2BB1D4E9006774F2 /* Release */ = {
			isa = XCBuildConfiguration;
			buildSettings = {
				ALWAYS_EMBED_SWIFT_STANDARD_LIBRARIES = YES;
				CODE_SIGN_STYLE = Automatic;
				CURRENT_PROJECT_VERSION = 1;
				DEVELOPMENT_TEAM = GZCZBKH7MY;
				GENERATE_INFOPLIST_FILE = YES;
				IPHONEOS_DEPLOYMENT_TARGET = 17.4;
				MACOSX_DEPLOYMENT_TARGET = 14.3;
				MARKETING_VERSION = 1.0;
				PRODUCT_BUNDLE_IDENTIFIER = social.nos.MetadataPrototypeUITests;
				PRODUCT_NAME = "$(TARGET_NAME)";
				SDKROOT = auto;
				SUPPORTED_PLATFORMS = "iphoneos iphonesimulator macosx";
				SWIFT_EMIT_LOC_STRINGS = NO;
				SWIFT_VERSION = 5.0;
				TARGETED_DEVICE_FAMILY = "1,2";
				TEST_TARGET_NAME = MetadataPrototype;
			};
			name = Release;
		};
/* End XCBuildConfiguration section */

/* Begin XCConfigurationList section */
		03B2681C2BB1D4E8006774F2 /* Build configuration list for PBXProject "MetadataPrototype" */ = {
			isa = XCConfigurationList;
			buildConfigurations = (
				03B268442BB1D4E9006774F2 /* Debug */,
				03B268452BB1D4E9006774F2 /* Release */,
			);
			defaultConfigurationIsVisible = 0;
			defaultConfigurationName = Release;
		};
		03B268462BB1D4E9006774F2 /* Build configuration list for PBXNativeTarget "MetadataPrototype" */ = {
			isa = XCConfigurationList;
			buildConfigurations = (
				03B268472BB1D4E9006774F2 /* Debug */,
				03B268482BB1D4E9006774F2 /* Release */,
			);
			defaultConfigurationIsVisible = 0;
			defaultConfigurationName = Release;
		};
		03B268492BB1D4E9006774F2 /* Build configuration list for PBXNativeTarget "MetadataPrototypeTests" */ = {
			isa = XCConfigurationList;
			buildConfigurations = (
				03B2684A2BB1D4E9006774F2 /* Debug */,
				03B2684B2BB1D4E9006774F2 /* Release */,
			);
			defaultConfigurationIsVisible = 0;
			defaultConfigurationName = Release;
		};
		03B2684C2BB1D4E9006774F2 /* Build configuration list for PBXNativeTarget "MetadataPrototypeUITests" */ = {
			isa = XCConfigurationList;
			buildConfigurations = (
				03B2684D2BB1D4E9006774F2 /* Debug */,
				03B2684E2BB1D4E9006774F2 /* Release */,
			);
			defaultConfigurationIsVisible = 0;
			defaultConfigurationName = Release;
		};
/* End XCConfigurationList section */
	};
	rootObject = 03B268192BB1D4E8006774F2 /* Project object */;
}
