// !$*UTF8*$!
{
	archiveVersion = 1;
	classes = {
	};
	objectVersion = 56;
	objects = {

/* Begin PBXBuildFile section */
		A3B943CF299AE00100A15A08 /* KeyChain.swift in Sources */ = {isa = PBXBuildFile; fileRef = A3B943CE299AE00100A15A08 /* KeyChain.swift */; };
		A3B943D5299D514800A15A08 /* Follow+CoreDataClass.swift in Sources */ = {isa = PBXBuildFile; fileRef = A3B943D4299D514800A15A08 /* Follow+CoreDataClass.swift */; };
		A3B943D7299D6DB700A15A08 /* Follow+CoreDataClass.swift in Sources */ = {isa = PBXBuildFile; fileRef = A3B943D4299D514800A15A08 /* Follow+CoreDataClass.swift */; };
		A3B943D8299D758F00A15A08 /* KeyChain.swift in Sources */ = {isa = PBXBuildFile; fileRef = A3B943CE299AE00100A15A08 /* KeyChain.swift */; };
		C94D855C2991479900749478 /* NewPostView.swift in Sources */ = {isa = PBXBuildFile; fileRef = C94D855B2991479900749478 /* NewPostView.swift */; };
		C94D855F29914D2300749478 /* SwiftUINavigation in Frameworks */ = {isa = PBXBuildFile; productRef = C94D855E29914D2300749478 /* SwiftUINavigation */; };
		C9671D73298DB94C00EE7E12 /* Data+Encoding.swift in Sources */ = {isa = PBXBuildFile; fileRef = C9671D72298DB94C00EE7E12 /* Data+Encoding.swift */; };
		C97797B9298AA19A0046BD25 /* RelayService.swift in Sources */ = {isa = PBXBuildFile; fileRef = C97797B8298AA19A0046BD25 /* RelayService.swift */; };
		C97797BC298AB1890046BD25 /* secp256k1 in Frameworks */ = {isa = PBXBuildFile; productRef = C97797BB298AB1890046BD25 /* secp256k1 */; };
		C97797BF298ABE060046BD25 /* secp256k1 in Frameworks */ = {isa = PBXBuildFile; productRef = C97797BE298ABE060046BD25 /* secp256k1 */; };
		C9ADB133299287D60075E7F8 /* KeyPairTests.swift in Sources */ = {isa = PBXBuildFile; fileRef = C9ADB132299287D60075E7F8 /* KeyPairTests.swift */; };
		C9ADB135299288230075E7F8 /* KeyFixture.swift in Sources */ = {isa = PBXBuildFile; fileRef = C9ADB134299288230075E7F8 /* KeyFixture.swift */; };
		C9ADB13629928AF00075E7F8 /* KeyPair.swift in Sources */ = {isa = PBXBuildFile; fileRef = C9F84C26298DC98800C6714D /* KeyPair.swift */; };
		C9ADB13829928CC30075E7F8 /* String+Hex.swift in Sources */ = {isa = PBXBuildFile; fileRef = C9ADB13729928CC30075E7F8 /* String+Hex.swift */; };
		C9ADB13D29929B540075E7F8 /* Bech32.swift in Sources */ = {isa = PBXBuildFile; fileRef = C9ADB13C29929B540075E7F8 /* Bech32.swift */; };
		C9ADB13E29929EEF0075E7F8 /* Bech32.swift in Sources */ = {isa = PBXBuildFile; fileRef = C9ADB13C29929B540075E7F8 /* Bech32.swift */; };
		C9ADB13F29929F1F0075E7F8 /* String+Hex.swift in Sources */ = {isa = PBXBuildFile; fileRef = C9ADB13729928CC30075E7F8 /* String+Hex.swift */; };
		C9ADB14129951CB10075E7F8 /* NSManagedObject+Nos.swift in Sources */ = {isa = PBXBuildFile; fileRef = C9ADB14029951CB10075E7F8 /* NSManagedObject+Nos.swift */; };
		C9ADB14229951CB10075E7F8 /* NSManagedObject+Nos.swift in Sources */ = {isa = PBXBuildFile; fileRef = C9ADB14029951CB10075E7F8 /* NSManagedObject+Nos.swift */; };
		C9BAB09B2996FBA10003A84E /* EventProcessor.swift in Sources */ = {isa = PBXBuildFile; fileRef = C9BAB09A2996FBA10003A84E /* EventProcessor.swift */; };
		C9BAB09C2996FBA10003A84E /* EventProcessor.swift in Sources */ = {isa = PBXBuildFile; fileRef = C9BAB09A2996FBA10003A84E /* EventProcessor.swift */; };
		C9DEBFD2298941000078B43A /* NosApp.swift in Sources */ = {isa = PBXBuildFile; fileRef = C9DEBFD1298941000078B43A /* NosApp.swift */; };
		C9DEBFD4298941000078B43A /* Persistence.swift in Sources */ = {isa = PBXBuildFile; fileRef = C9DEBFD3298941000078B43A /* Persistence.swift */; };
		C9DEBFD7298941000078B43A /* Nos.xcdatamodeld in Sources */ = {isa = PBXBuildFile; fileRef = C9DEBFD5298941000078B43A /* Nos.xcdatamodeld */; };
		C9DEBFD9298941000078B43A /* HomeFeedView.swift in Sources */ = {isa = PBXBuildFile; fileRef = C9DEBFD8298941000078B43A /* HomeFeedView.swift */; };
		C9DEBFDB298941020078B43A /* Assets.xcassets in Resources */ = {isa = PBXBuildFile; fileRef = C9DEBFDA298941020078B43A /* Assets.xcassets */; };
		C9DEBFDF298941020078B43A /* Preview Assets.xcassets in Resources */ = {isa = PBXBuildFile; fileRef = C9DEBFDE298941020078B43A /* Preview Assets.xcassets */; };
		C9DEBFE9298941020078B43A /* EventTests.swift in Sources */ = {isa = PBXBuildFile; fileRef = C9DEBFE8298941020078B43A /* EventTests.swift */; };
		C9DEBFF3298941020078B43A /* NosUITests.swift in Sources */ = {isa = PBXBuildFile; fileRef = C9DEBFF2298941020078B43A /* NosUITests.swift */; };
		C9DEBFF5298941020078B43A /* NosUITestsLaunchTests.swift in Sources */ = {isa = PBXBuildFile; fileRef = C9DEBFF4298941020078B43A /* NosUITestsLaunchTests.swift */; };
		C9DEC003298945150078B43A /* String+Lorem.swift in Sources */ = {isa = PBXBuildFile; fileRef = C9DEC002298945150078B43A /* String+Lorem.swift */; };
		C9DEC006298947900078B43A /* sample_data.json in Resources */ = {isa = PBXBuildFile; fileRef = C9DEC005298947900078B43A /* sample_data.json */; };
		C9DEC04529894BED0078B43A /* Event+CoreDataClass.swift in Sources */ = {isa = PBXBuildFile; fileRef = C9DEC03F29894BED0078B43A /* Event+CoreDataClass.swift */; };
		C9DEC04629894BED0078B43A /* Event+CoreDataClass.swift in Sources */ = {isa = PBXBuildFile; fileRef = C9DEC03F29894BED0078B43A /* Event+CoreDataClass.swift */; };
		C9DEC04929894BED0078B43A /* Tag+CoreDataClass.swift in Sources */ = {isa = PBXBuildFile; fileRef = C9DEC04129894BED0078B43A /* Tag+CoreDataClass.swift */; };
		C9DEC04A29894BED0078B43A /* Tag+CoreDataClass.swift in Sources */ = {isa = PBXBuildFile; fileRef = C9DEC04129894BED0078B43A /* Tag+CoreDataClass.swift */; };
		C9DEC04D29894BED0078B43A /* Author+CoreDataClass.swift in Sources */ = {isa = PBXBuildFile; fileRef = C9DEC04329894BED0078B43A /* Author+CoreDataClass.swift */; };
		C9DEC04E29894BED0078B43A /* Author+CoreDataClass.swift in Sources */ = {isa = PBXBuildFile; fileRef = C9DEC04329894BED0078B43A /* Author+CoreDataClass.swift */; };
		C9DEC05A2989509B0078B43A /* Persistence.swift in Sources */ = {isa = PBXBuildFile; fileRef = C9DEBFD3298941000078B43A /* Persistence.swift */; };
		C9DEC05B298950A90078B43A /* String+Lorem.swift in Sources */ = {isa = PBXBuildFile; fileRef = C9DEC002298945150078B43A /* String+Lorem.swift */; };
		C9DEC05C298953280078B43A /* Nos.xcdatamodeld in Sources */ = {isa = PBXBuildFile; fileRef = C9DEBFD5298941000078B43A /* Nos.xcdatamodeld */; };
		C9DEC0632989541F0078B43A /* Bundle+Current.swift in Sources */ = {isa = PBXBuildFile; fileRef = C9DEC0622989541F0078B43A /* Bundle+Current.swift */; };
		C9DEC0642989541F0078B43A /* Bundle+Current.swift in Sources */ = {isa = PBXBuildFile; fileRef = C9DEC0622989541F0078B43A /* Bundle+Current.swift */; };
		C9DEC065298955200078B43A /* sample_data.json in Resources */ = {isa = PBXBuildFile; fileRef = C9DEC005298947900078B43A /* sample_data.json */; };
		C9DEC068298965270078B43A /* Starscream in Frameworks */ = {isa = PBXBuildFile; productRef = C9DEC067298965270078B43A /* Starscream */; };
		C9DEC06A298965550078B43A /* RelayView.swift in Sources */ = {isa = PBXBuildFile; fileRef = C9DEC069298965540078B43A /* RelayView.swift */; };
		C9DEC06B298965550078B43A /* RelayView.swift in Sources */ = {isa = PBXBuildFile; fileRef = C9DEC069298965540078B43A /* RelayView.swift */; };
		C9DEC06E2989668E0078B43A /* Relay+CoreDataClass.swift in Sources */ = {isa = PBXBuildFile; fileRef = C9DEC06C2989668E0078B43A /* Relay+CoreDataClass.swift */; };
		C9DEC06F2989668E0078B43A /* Relay+CoreDataClass.swift in Sources */ = {isa = PBXBuildFile; fileRef = C9DEC06C2989668E0078B43A /* Relay+CoreDataClass.swift */; };
		C9DFA976299C30F0006929C1 /* Localized.swift in Sources */ = {isa = PBXBuildFile; fileRef = C9DFA975299C30F0006929C1 /* Localized.swift */; };
		C9DFA979299C31A7006929C1 /* Localizable.swift in Sources */ = {isa = PBXBuildFile; fileRef = C9DFA978299C31A7006929C1 /* Localizable.swift */; };
		C9DFA97A299C31E9006929C1 /* Localizable.swift in Sources */ = {isa = PBXBuildFile; fileRef = C9DFA978299C31A7006929C1 /* Localizable.swift */; };
		C9DFA97B299C31EE006929C1 /* Localized.swift in Sources */ = {isa = PBXBuildFile; fileRef = C9DFA975299C30F0006929C1 /* Localized.swift */; };
		C9F84C1A298DBB6300C6714D /* Data+Encoding.swift in Sources */ = {isa = PBXBuildFile; fileRef = C9671D72298DB94C00EE7E12 /* Data+Encoding.swift */; };
		C9F84C1C298DBBF400C6714D /* Data+Sha.swift in Sources */ = {isa = PBXBuildFile; fileRef = C9F84C1B298DBBF400C6714D /* Data+Sha.swift */; };
		C9F84C1D298DBC6100C6714D /* Data+Sha.swift in Sources */ = {isa = PBXBuildFile; fileRef = C9F84C1B298DBBF400C6714D /* Data+Sha.swift */; };
		C9F84C21298DC36800C6714D /* AppView.swift in Sources */ = {isa = PBXBuildFile; fileRef = C9F84C20298DC36800C6714D /* AppView.swift */; };
		C9F84C23298DC7B900C6714D /* SettingsView.swift in Sources */ = {isa = PBXBuildFile; fileRef = C9F84C22298DC7B900C6714D /* SettingsView.swift */; };
		C9F84C27298DC98800C6714D /* KeyPair.swift in Sources */ = {isa = PBXBuildFile; fileRef = C9F84C26298DC98800C6714D /* KeyPair.swift */; };
/* End PBXBuildFile section */

/* Begin PBXContainerItemProxy section */
		C9DEBFE5298941020078B43A /* PBXContainerItemProxy */ = {
			isa = PBXContainerItemProxy;
			containerPortal = C9DEBFC6298941000078B43A /* Project object */;
			proxyType = 1;
			remoteGlobalIDString = C9DEBFCD298941000078B43A;
			remoteInfo = Nos;
		};
		C9DEBFEF298941020078B43A /* PBXContainerItemProxy */ = {
			isa = PBXContainerItemProxy;
			containerPortal = C9DEBFC6298941000078B43A /* Project object */;
			proxyType = 1;
			remoteGlobalIDString = C9DEBFCD298941000078B43A;
			remoteInfo = Nos;
		};
/* End PBXContainerItemProxy section */

/* Begin PBXFileReference section */
		A3B943CE299AE00100A15A08 /* KeyChain.swift */ = {isa = PBXFileReference; lastKnownFileType = sourcecode.swift; path = KeyChain.swift; sourceTree = "<group>"; };
		A3B943D4299D514800A15A08 /* Follow+CoreDataClass.swift */ = {isa = PBXFileReference; lastKnownFileType = sourcecode.swift; path = "Follow+CoreDataClass.swift"; sourceTree = "<group>"; };
		C94D855B2991479900749478 /* NewPostView.swift */ = {isa = PBXFileReference; lastKnownFileType = sourcecode.swift; path = NewPostView.swift; sourceTree = "<group>"; };
		C9671D72298DB94C00EE7E12 /* Data+Encoding.swift */ = {isa = PBXFileReference; lastKnownFileType = sourcecode.swift; path = "Data+Encoding.swift"; sourceTree = "<group>"; };
		C97797B8298AA19A0046BD25 /* RelayService.swift */ = {isa = PBXFileReference; lastKnownFileType = sourcecode.swift; path = RelayService.swift; sourceTree = "<group>"; };
		C9ADB132299287D60075E7F8 /* KeyPairTests.swift */ = {isa = PBXFileReference; lastKnownFileType = sourcecode.swift; path = KeyPairTests.swift; sourceTree = "<group>"; };
		C9ADB134299288230075E7F8 /* KeyFixture.swift */ = {isa = PBXFileReference; lastKnownFileType = sourcecode.swift; path = KeyFixture.swift; sourceTree = "<group>"; };
		C9ADB13729928CC30075E7F8 /* String+Hex.swift */ = {isa = PBXFileReference; lastKnownFileType = sourcecode.swift; path = "String+Hex.swift"; sourceTree = "<group>"; };
		C9ADB13C29929B540075E7F8 /* Bech32.swift */ = {isa = PBXFileReference; lastKnownFileType = sourcecode.swift; path = Bech32.swift; sourceTree = "<group>"; };
		C9ADB14029951CB10075E7F8 /* NSManagedObject+Nos.swift */ = {isa = PBXFileReference; lastKnownFileType = sourcecode.swift; path = "NSManagedObject+Nos.swift"; sourceTree = "<group>"; };
		C9BAB09A2996FBA10003A84E /* EventProcessor.swift */ = {isa = PBXFileReference; lastKnownFileType = sourcecode.swift; path = EventProcessor.swift; sourceTree = "<group>"; };
		C9DEBFCE298941000078B43A /* Nos.app */ = {isa = PBXFileReference; explicitFileType = wrapper.application; includeInIndex = 0; path = Nos.app; sourceTree = BUILT_PRODUCTS_DIR; };
		C9DEBFD1298941000078B43A /* NosApp.swift */ = {isa = PBXFileReference; lastKnownFileType = sourcecode.swift; path = NosApp.swift; sourceTree = "<group>"; };
		C9DEBFD3298941000078B43A /* Persistence.swift */ = {isa = PBXFileReference; lastKnownFileType = sourcecode.swift; path = Persistence.swift; sourceTree = "<group>"; };
		C9DEBFD6298941000078B43A /* Nos.xcdatamodel */ = {isa = PBXFileReference; lastKnownFileType = wrapper.xcdatamodel; path = Nos.xcdatamodel; sourceTree = "<group>"; };
		C9DEBFD8298941000078B43A /* HomeFeedView.swift */ = {isa = PBXFileReference; lastKnownFileType = sourcecode.swift; path = HomeFeedView.swift; sourceTree = "<group>"; };
		C9DEBFDA298941020078B43A /* Assets.xcassets */ = {isa = PBXFileReference; lastKnownFileType = folder.assetcatalog; path = Assets.xcassets; sourceTree = "<group>"; };
		C9DEBFDC298941020078B43A /* Nos.entitlements */ = {isa = PBXFileReference; lastKnownFileType = text.plist.entitlements; path = Nos.entitlements; sourceTree = "<group>"; };
		C9DEBFDE298941020078B43A /* Preview Assets.xcassets */ = {isa = PBXFileReference; lastKnownFileType = folder.assetcatalog; path = "Preview Assets.xcassets"; sourceTree = "<group>"; };
		C9DEBFE4298941020078B43A /* NosTests.xctest */ = {isa = PBXFileReference; explicitFileType = wrapper.cfbundle; includeInIndex = 0; path = NosTests.xctest; sourceTree = BUILT_PRODUCTS_DIR; };
		C9DEBFE8298941020078B43A /* EventTests.swift */ = {isa = PBXFileReference; lastKnownFileType = sourcecode.swift; path = EventTests.swift; sourceTree = "<group>"; };
		C9DEBFEE298941020078B43A /* NosUITests.xctest */ = {isa = PBXFileReference; explicitFileType = wrapper.cfbundle; includeInIndex = 0; path = NosUITests.xctest; sourceTree = BUILT_PRODUCTS_DIR; };
		C9DEBFF2298941020078B43A /* NosUITests.swift */ = {isa = PBXFileReference; lastKnownFileType = sourcecode.swift; path = NosUITests.swift; sourceTree = "<group>"; };
		C9DEBFF4298941020078B43A /* NosUITestsLaunchTests.swift */ = {isa = PBXFileReference; lastKnownFileType = sourcecode.swift; path = NosUITestsLaunchTests.swift; sourceTree = "<group>"; };
		C9DEC002298945150078B43A /* String+Lorem.swift */ = {isa = PBXFileReference; lastKnownFileType = sourcecode.swift; path = "String+Lorem.swift"; sourceTree = "<group>"; };
		C9DEC005298947900078B43A /* sample_data.json */ = {isa = PBXFileReference; fileEncoding = 4; lastKnownFileType = text.json; path = sample_data.json; sourceTree = "<group>"; };
		C9DEC03F29894BED0078B43A /* Event+CoreDataClass.swift */ = {isa = PBXFileReference; lastKnownFileType = sourcecode.swift; path = "Event+CoreDataClass.swift"; sourceTree = "<group>"; };
		C9DEC04129894BED0078B43A /* Tag+CoreDataClass.swift */ = {isa = PBXFileReference; lastKnownFileType = sourcecode.swift; path = "Tag+CoreDataClass.swift"; sourceTree = "<group>"; };
		C9DEC04329894BED0078B43A /* Author+CoreDataClass.swift */ = {isa = PBXFileReference; lastKnownFileType = sourcecode.swift; path = "Author+CoreDataClass.swift"; sourceTree = "<group>"; };
		C9DEC0622989541F0078B43A /* Bundle+Current.swift */ = {isa = PBXFileReference; lastKnownFileType = sourcecode.swift; path = "Bundle+Current.swift"; sourceTree = "<group>"; };
		C9DEC069298965540078B43A /* RelayView.swift */ = {isa = PBXFileReference; lastKnownFileType = sourcecode.swift; path = RelayView.swift; sourceTree = "<group>"; };
		C9DEC06C2989668E0078B43A /* Relay+CoreDataClass.swift */ = {isa = PBXFileReference; lastKnownFileType = sourcecode.swift; path = "Relay+CoreDataClass.swift"; sourceTree = "<group>"; };
		C9DFA975299C30F0006929C1 /* Localized.swift */ = {isa = PBXFileReference; lastKnownFileType = sourcecode.swift; path = Localized.swift; sourceTree = "<group>"; };
		C9DFA978299C31A7006929C1 /* Localizable.swift */ = {isa = PBXFileReference; fileEncoding = 4; lastKnownFileType = sourcecode.swift; path = Localizable.swift; sourceTree = "<group>"; };
		C9F84C1B298DBBF400C6714D /* Data+Sha.swift */ = {isa = PBXFileReference; lastKnownFileType = sourcecode.swift; path = "Data+Sha.swift"; sourceTree = "<group>"; };
		C9F84C20298DC36800C6714D /* AppView.swift */ = {isa = PBXFileReference; lastKnownFileType = sourcecode.swift; path = AppView.swift; sourceTree = "<group>"; };
		C9F84C22298DC7B900C6714D /* SettingsView.swift */ = {isa = PBXFileReference; lastKnownFileType = sourcecode.swift; path = SettingsView.swift; sourceTree = "<group>"; };
		C9F84C26298DC98800C6714D /* KeyPair.swift */ = {isa = PBXFileReference; lastKnownFileType = sourcecode.swift; path = KeyPair.swift; sourceTree = "<group>"; };
/* End PBXFileReference section */

/* Begin PBXFrameworksBuildPhase section */
		C9DEBFCB298941000078B43A /* Frameworks */ = {
			isa = PBXFrameworksBuildPhase;
			buildActionMask = 2147483647;
			files = (
				C9DEC068298965270078B43A /* Starscream in Frameworks */,
				C97797BC298AB1890046BD25 /* secp256k1 in Frameworks */,
				C94D855F29914D2300749478 /* SwiftUINavigation in Frameworks */,
			);
			runOnlyForDeploymentPostprocessing = 0;
		};
		C9DEBFE1298941020078B43A /* Frameworks */ = {
			isa = PBXFrameworksBuildPhase;
			buildActionMask = 2147483647;
			files = (
				C97797BF298ABE060046BD25 /* secp256k1 in Frameworks */,
			);
			runOnlyForDeploymentPostprocessing = 0;
		};
		C9DEBFEB298941020078B43A /* Frameworks */ = {
			isa = PBXFrameworksBuildPhase;
			buildActionMask = 2147483647;
			files = (
			);
			runOnlyForDeploymentPostprocessing = 0;
		};
/* End PBXFrameworksBuildPhase section */

/* Begin PBXGroup section */
		C97797B7298AA1600046BD25 /* Service */ = {
			isa = PBXGroup;
			children = (
				C97797B8298AA19A0046BD25 /* RelayService.swift */,
				C9ADB13C29929B540075E7F8 /* Bech32.swift */,
				C9BAB09A2996FBA10003A84E /* EventProcessor.swift */,
				A3B943CE299AE00100A15A08 /* KeyChain.swift */,
			);
			path = Service;
			sourceTree = "<group>";
		};
		C97797BD298ABE060046BD25 /* Frameworks */ = {
			isa = PBXGroup;
			children = (
			);
			name = Frameworks;
			sourceTree = "<group>";
		};
		C9DEBFC5298941000078B43A = {
			isa = PBXGroup;
			children = (
				C9DEBFD0298941000078B43A /* Nos */,
				C9DEBFE7298941020078B43A /* NosTests */,
				C9DEBFF1298941020078B43A /* NosUITests */,
				C9DEBFCF298941000078B43A /* Products */,
				C97797BD298ABE060046BD25 /* Frameworks */,
			);
			sourceTree = "<group>";
		};
		C9DEBFCF298941000078B43A /* Products */ = {
			isa = PBXGroup;
			children = (
				C9DEBFCE298941000078B43A /* Nos.app */,
				C9DEBFE4298941020078B43A /* NosTests.xctest */,
				C9DEBFEE298941020078B43A /* NosUITests.xctest */,
			);
			name = Products;
			sourceTree = "<group>";
		};
		C9DEBFD0298941000078B43A /* Nos */ = {
			isa = PBXGroup;
			children = (
				C9DEBFDC298941020078B43A /* Nos.entitlements */,
				C9DEBFD1298941000078B43A /* NosApp.swift */,
				C9DFA974299C30CA006929C1 /* Assets */,
				C9DEC001298944FC0078B43A /* Extensions */,
				C9DEC02C29894BB20078B43A /* Models */,
				C97797B7298AA1600046BD25 /* Service */,
				C9F84C24298DC7C100C6714D /* Views */,
			);
			path = Nos;
			sourceTree = "<group>";
		};
		C9DEBFDD298941020078B43A /* Preview Content */ = {
			isa = PBXGroup;
			children = (
				C9DEBFDE298941020078B43A /* Preview Assets.xcassets */,
			);
			path = "Preview Content";
			sourceTree = "<group>";
		};
		C9DEBFE7298941020078B43A /* NosTests */ = {
			isa = PBXGroup;
			children = (
				C9DEC0042989477A0078B43A /* Fixtures */,
				C9DEBFE8298941020078B43A /* EventTests.swift */,
				C9ADB132299287D60075E7F8 /* KeyPairTests.swift */,
			);
			path = NosTests;
			sourceTree = "<group>";
		};
		C9DEBFF1298941020078B43A /* NosUITests */ = {
			isa = PBXGroup;
			children = (
				C9DEBFF2298941020078B43A /* NosUITests.swift */,
				C9DEBFF4298941020078B43A /* NosUITestsLaunchTests.swift */,
			);
			path = NosUITests;
			sourceTree = "<group>";
		};
		C9DEC001298944FC0078B43A /* Extensions */ = {
			isa = PBXGroup;
			children = (
				C9DEC002298945150078B43A /* String+Lorem.swift */,
				C9DEC0622989541F0078B43A /* Bundle+Current.swift */,
				C9671D72298DB94C00EE7E12 /* Data+Encoding.swift */,
				C9F84C1B298DBBF400C6714D /* Data+Sha.swift */,
				C9ADB13729928CC30075E7F8 /* String+Hex.swift */,
				C9ADB14029951CB10075E7F8 /* NSManagedObject+Nos.swift */,
			);
			path = Extensions;
			sourceTree = "<group>";
		};
		C9DEC0042989477A0078B43A /* Fixtures */ = {
			isa = PBXGroup;
			children = (
				C9DEC005298947900078B43A /* sample_data.json */,
				C9ADB134299288230075E7F8 /* KeyFixture.swift */,
			);
			path = Fixtures;
			sourceTree = "<group>";
		};
		C9DEC02C29894BB20078B43A /* Models */ = {
			isa = PBXGroup;
			children = (
				C9DEBFD5298941000078B43A /* Nos.xcdatamodeld */,
				C9DEBFD3298941000078B43A /* Persistence.swift */,
				C9DEC03F29894BED0078B43A /* Event+CoreDataClass.swift */,
				A3B943D4299D514800A15A08 /* Follow+CoreDataClass.swift */,
				C9DEC04329894BED0078B43A /* Author+CoreDataClass.swift */,
				C9DEC06C2989668E0078B43A /* Relay+CoreDataClass.swift */,
				C9DEC04129894BED0078B43A /* Tag+CoreDataClass.swift */,
				C9F84C26298DC98800C6714D /* KeyPair.swift */,
			);
			path = Models;
			sourceTree = "<group>";
		};
		C9DFA974299C30CA006929C1 /* Assets */ = {
			isa = PBXGroup;
			children = (
				C9DEBFDA298941020078B43A /* Assets.xcassets */,
				C9DFA977299C3189006929C1 /* Localization */,
			);
			path = Assets;
			sourceTree = "<group>";
		};
		C9DFA977299C3189006929C1 /* Localization */ = {
			isa = PBXGroup;
			children = (
				C9DFA975299C30F0006929C1 /* Localized.swift */,
				C9DFA978299C31A7006929C1 /* Localizable.swift */,
			);
			path = Localization;
			sourceTree = "<group>";
		};
		C9F84C24298DC7C100C6714D /* Views */ = {
			isa = PBXGroup;
			children = (
				C9DEBFDD298941020078B43A /* Preview Content */,
				C9DEBFD8298941000078B43A /* HomeFeedView.swift */,
				C9F84C20298DC36800C6714D /* AppView.swift */,
				C9F84C22298DC7B900C6714D /* SettingsView.swift */,
				C94D855B2991479900749478 /* NewPostView.swift */,
				C9DEC069298965540078B43A /* RelayView.swift */,
			);
			path = Views;
			sourceTree = "<group>";
		};
/* End PBXGroup section */

/* Begin PBXNativeTarget section */
		C9DEBFCD298941000078B43A /* Nos */ = {
			isa = PBXNativeTarget;
			buildConfigurationList = C9DEBFF8298941020078B43A /* Build configuration list for PBXNativeTarget "Nos" */;
			buildPhases = (
				C9DEBFCA298941000078B43A /* Sources */,
				C9BAB0992996BEEA0003A84E /* SwiftLint */,
				C9DEBFCB298941000078B43A /* Frameworks */,
				C9DEBFCC298941000078B43A /* Resources */,
			);
			buildRules = (
			);
			dependencies = (
			);
			name = Nos;
			packageProductDependencies = (
				C9DEC067298965270078B43A /* Starscream */,
				C97797BB298AB1890046BD25 /* secp256k1 */,
				C94D855E29914D2300749478 /* SwiftUINavigation */,
			);
			productName = Nos;
			productReference = C9DEBFCE298941000078B43A /* Nos.app */;
			productType = "com.apple.product-type.application";
		};
		C9DEBFE3298941020078B43A /* NosTests */ = {
			isa = PBXNativeTarget;
			buildConfigurationList = C9DEBFFB298941020078B43A /* Build configuration list for PBXNativeTarget "NosTests" */;
			buildPhases = (
				C9DEBFE0298941020078B43A /* Sources */,
				C9DEBFE1298941020078B43A /* Frameworks */,
				C9DEBFE2298941020078B43A /* Resources */,
			);
			buildRules = (
			);
			dependencies = (
				C9DEBFE6298941020078B43A /* PBXTargetDependency */,
			);
			name = NosTests;
			packageProductDependencies = (
				C97797BE298ABE060046BD25 /* secp256k1 */,
			);
			productName = NosTests;
			productReference = C9DEBFE4298941020078B43A /* NosTests.xctest */;
			productType = "com.apple.product-type.bundle.unit-test";
		};
		C9DEBFED298941020078B43A /* NosUITests */ = {
			isa = PBXNativeTarget;
			buildConfigurationList = C9DEBFFE298941020078B43A /* Build configuration list for PBXNativeTarget "NosUITests" */;
			buildPhases = (
				C9DEBFEA298941020078B43A /* Sources */,
				C9DEBFEB298941020078B43A /* Frameworks */,
				C9DEBFEC298941020078B43A /* Resources */,
			);
			buildRules = (
			);
			dependencies = (
				C9DEBFF0298941020078B43A /* PBXTargetDependency */,
			);
			name = NosUITests;
			productName = NosUITests;
			productReference = C9DEBFEE298941020078B43A /* NosUITests.xctest */;
			productType = "com.apple.product-type.bundle.ui-testing";
		};
/* End PBXNativeTarget section */

/* Begin PBXProject section */
		C9DEBFC6298941000078B43A /* Project object */ = {
			isa = PBXProject;
			attributes = {
				BuildIndependentTargetsInParallel = 1;
				LastSwiftUpdateCheck = 1420;
				LastUpgradeCheck = 1420;
				TargetAttributes = {
					C9DEBFCD298941000078B43A = {
						CreatedOnToolsVersion = 14.2;
					};
					C9DEBFE3298941020078B43A = {
						CreatedOnToolsVersion = 14.2;
					};
					C9DEBFED298941020078B43A = {
						CreatedOnToolsVersion = 14.2;
						TestTargetID = C9DEBFCD298941000078B43A;
					};
				};
			};
			buildConfigurationList = C9DEBFC9298941000078B43A /* Build configuration list for PBXProject "Nos" */;
			compatibilityVersion = "Xcode 14.0";
			developmentRegion = en;
			hasScannedForEncodings = 0;
			knownRegions = (
				en,
				Base,
			);
			mainGroup = C9DEBFC5298941000078B43A;
			packageReferences = (
				C9DEC066298965270078B43A /* XCRemoteSwiftPackageReference "Starscream" */,
				C97797BA298AB1890046BD25 /* XCRemoteSwiftPackageReference "secp256k1" */,
				C94D855D29914D2300749478 /* XCRemoteSwiftPackageReference "swiftui-navigation" */,
				C9ADB139299299570075E7F8 /* XCRemoteSwiftPackageReference "bech32" */,
			);
			productRefGroup = C9DEBFCF298941000078B43A /* Products */;
			projectDirPath = "";
			projectRoot = "";
			targets = (
				C9DEBFCD298941000078B43A /* Nos */,
				C9DEBFE3298941020078B43A /* NosTests */,
				C9DEBFED298941020078B43A /* NosUITests */,
			);
		};
/* End PBXProject section */

/* Begin PBXResourcesBuildPhase section */
		C9DEBFCC298941000078B43A /* Resources */ = {
			isa = PBXResourcesBuildPhase;
			buildActionMask = 2147483647;
			files = (
				C9DEC065298955200078B43A /* sample_data.json in Resources */,
				C9DEBFDF298941020078B43A /* Preview Assets.xcassets in Resources */,
				C9DEBFDB298941020078B43A /* Assets.xcassets in Resources */,
			);
			runOnlyForDeploymentPostprocessing = 0;
		};
		C9DEBFE2298941020078B43A /* Resources */ = {
			isa = PBXResourcesBuildPhase;
			buildActionMask = 2147483647;
			files = (
				C9DEC006298947900078B43A /* sample_data.json in Resources */,
			);
			runOnlyForDeploymentPostprocessing = 0;
		};
		C9DEBFEC298941020078B43A /* Resources */ = {
			isa = PBXResourcesBuildPhase;
			buildActionMask = 2147483647;
			files = (
			);
			runOnlyForDeploymentPostprocessing = 0;
		};
/* End PBXResourcesBuildPhase section */

/* Begin PBXShellScriptBuildPhase section */
		C9BAB0992996BEEA0003A84E /* SwiftLint */ = {
			isa = PBXShellScriptBuildPhase;
			alwaysOutOfDate = 1;
			buildActionMask = 2147483647;
			files = (
			);
			inputFileListPaths = (
			);
			inputPaths = (
			);
			name = SwiftLint;
			outputFileListPaths = (
			);
			outputPaths = (
			);
			runOnlyForDeploymentPostprocessing = 0;
			shellPath = /bin/sh;
			shellScript = "export PATH=\"$PATH:/opt/homebrew/bin\"\nif which swiftlint > /dev/null; then\n  swiftlint --lenient\nelse\n  echo \"warning: SwiftLint not installed, download from https://github.com/realm/SwiftLint\"\nfi\n";
		};
/* End PBXShellScriptBuildPhase section */

/* Begin PBXSourcesBuildPhase section */
		C9DEBFCA298941000078B43A /* Sources */ = {
			isa = PBXSourcesBuildPhase;
			buildActionMask = 2147483647;
			files = (
				C9DEC06E2989668E0078B43A /* Relay+CoreDataClass.swift in Sources */,
				C9ADB14129951CB10075E7F8 /* NSManagedObject+Nos.swift in Sources */,
				C9F84C21298DC36800C6714D /* AppView.swift in Sources */,
				C9DEC06A298965550078B43A /* RelayView.swift in Sources */,
				C94D855C2991479900749478 /* NewPostView.swift in Sources */,
				C9F84C23298DC7B900C6714D /* SettingsView.swift in Sources */,
				C9DEBFD7298941000078B43A /* Nos.xcdatamodeld in Sources */,
				C9ADB13829928CC30075E7F8 /* String+Hex.swift in Sources */,
				C9DEBFD2298941000078B43A /* NosApp.swift in Sources */,
				C9F84C27298DC98800C6714D /* KeyPair.swift in Sources */,
				C9DEC04929894BED0078B43A /* Tag+CoreDataClass.swift in Sources */,
				A3B943CF299AE00100A15A08 /* KeyChain.swift in Sources */,
				C9671D73298DB94C00EE7E12 /* Data+Encoding.swift in Sources */,
				A3B943D5299D514800A15A08 /* Follow+CoreDataClass.swift in Sources */,
				C9ADB13D29929B540075E7F8 /* Bech32.swift in Sources */,
				C9DEBFD9298941000078B43A /* HomeFeedView.swift in Sources */,
				C9DEC003298945150078B43A /* String+Lorem.swift in Sources */,
				C9DEC0632989541F0078B43A /* Bundle+Current.swift in Sources */,
				C9F84C1C298DBBF400C6714D /* Data+Sha.swift in Sources */,
				C9BAB09B2996FBA10003A84E /* EventProcessor.swift in Sources */,
				C97797B9298AA19A0046BD25 /* RelayService.swift in Sources */,
				C9DEC04529894BED0078B43A /* Event+CoreDataClass.swift in Sources */,
				C9DEBFD4298941000078B43A /* Persistence.swift in Sources */,
				C9DFA976299C30F0006929C1 /* Localized.swift in Sources */,
				C9DFA979299C31A7006929C1 /* Localizable.swift in Sources */,
				C9DEC04D29894BED0078B43A /* Author+CoreDataClass.swift in Sources */,
			);
			runOnlyForDeploymentPostprocessing = 0;
		};
		C9DEBFE0298941020078B43A /* Sources */ = {
			isa = PBXSourcesBuildPhase;
			buildActionMask = 2147483647;
			files = (
				A3B943D7299D6DB700A15A08 /* Follow+CoreDataClass.swift in Sources */,
				C9ADB13E29929EEF0075E7F8 /* Bech32.swift in Sources */,
				C9DEC05A2989509B0078B43A /* Persistence.swift in Sources */,
				C9DFA97A299C31E9006929C1 /* Localizable.swift in Sources */,
				C9DEC06B298965550078B43A /* RelayView.swift in Sources */,
				C9DEC05C298953280078B43A /* Nos.xcdatamodeld in Sources */,
				C9DEC04629894BED0078B43A /* Event+CoreDataClass.swift in Sources */,
				C9F84C1A298DBB6300C6714D /* Data+Encoding.swift in Sources */,
				C9DEC0642989541F0078B43A /* Bundle+Current.swift in Sources */,
				C9ADB13629928AF00075E7F8 /* KeyPair.swift in Sources */,
				C9DEC06F2989668E0078B43A /* Relay+CoreDataClass.swift in Sources */,
				C9ADB13F29929F1F0075E7F8 /* String+Hex.swift in Sources */,
				C9DEC05B298950A90078B43A /* String+Lorem.swift in Sources */,
				C9F84C1D298DBC6100C6714D /* Data+Sha.swift in Sources */,
				A3B943D8299D758F00A15A08 /* KeyChain.swift in Sources */,
				C9ADB133299287D60075E7F8 /* KeyPairTests.swift in Sources */,
				C9DEC04E29894BED0078B43A /* Author+CoreDataClass.swift in Sources */,
				C9DEC04A29894BED0078B43A /* Tag+CoreDataClass.swift in Sources */,
				C9DEBFE9298941020078B43A /* EventTests.swift in Sources */,
				C9ADB14229951CB10075E7F8 /* NSManagedObject+Nos.swift in Sources */,
				C9BAB09C2996FBA10003A84E /* EventProcessor.swift in Sources */,
				C9DFA97B299C31EE006929C1 /* Localized.swift in Sources */,
				C9ADB135299288230075E7F8 /* KeyFixture.swift in Sources */,
			);
			runOnlyForDeploymentPostprocessing = 0;
		};
		C9DEBFEA298941020078B43A /* Sources */ = {
			isa = PBXSourcesBuildPhase;
			buildActionMask = 2147483647;
			files = (
				C9DEBFF3298941020078B43A /* NosUITests.swift in Sources */,
				C9DEBFF5298941020078B43A /* NosUITestsLaunchTests.swift in Sources */,
			);
			runOnlyForDeploymentPostprocessing = 0;
		};
/* End PBXSourcesBuildPhase section */

/* Begin PBXTargetDependency section */
		C9DEBFE6298941020078B43A /* PBXTargetDependency */ = {
			isa = PBXTargetDependency;
			target = C9DEBFCD298941000078B43A /* Nos */;
			targetProxy = C9DEBFE5298941020078B43A /* PBXContainerItemProxy */;
		};
		C9DEBFF0298941020078B43A /* PBXTargetDependency */ = {
			isa = PBXTargetDependency;
			target = C9DEBFCD298941000078B43A /* Nos */;
			targetProxy = C9DEBFEF298941020078B43A /* PBXContainerItemProxy */;
		};
/* End PBXTargetDependency section */

/* Begin XCBuildConfiguration section */
		C9DEBFF6298941020078B43A /* Debug */ = {
			isa = XCBuildConfiguration;
			buildSettings = {
				ALWAYS_SEARCH_USER_PATHS = NO;
				CLANG_ANALYZER_NONNULL = YES;
				CLANG_ANALYZER_NUMBER_OBJECT_CONVERSION = YES_AGGRESSIVE;
				CLANG_CXX_LANGUAGE_STANDARD = "gnu++20";
				CLANG_ENABLE_MODULES = YES;
				CLANG_ENABLE_OBJC_ARC = YES;
				CLANG_ENABLE_OBJC_WEAK = YES;
				CLANG_WARN_BLOCK_CAPTURE_AUTORELEASING = YES;
				CLANG_WARN_BOOL_CONVERSION = YES;
				CLANG_WARN_COMMA = YES;
				CLANG_WARN_CONSTANT_CONVERSION = YES;
				CLANG_WARN_DEPRECATED_OBJC_IMPLEMENTATIONS = YES;
				CLANG_WARN_DIRECT_OBJC_ISA_USAGE = YES_ERROR;
				CLANG_WARN_DOCUMENTATION_COMMENTS = YES;
				CLANG_WARN_EMPTY_BODY = YES;
				CLANG_WARN_ENUM_CONVERSION = YES;
				CLANG_WARN_INFINITE_RECURSION = YES;
				CLANG_WARN_INT_CONVERSION = YES;
				CLANG_WARN_NON_LITERAL_NULL_CONVERSION = YES;
				CLANG_WARN_OBJC_IMPLICIT_RETAIN_SELF = YES;
				CLANG_WARN_OBJC_LITERAL_CONVERSION = YES;
				CLANG_WARN_OBJC_ROOT_CLASS = YES_ERROR;
				CLANG_WARN_QUOTED_INCLUDE_IN_FRAMEWORK_HEADER = YES;
				CLANG_WARN_RANGE_LOOP_ANALYSIS = YES;
				CLANG_WARN_STRICT_PROTOTYPES = YES;
				CLANG_WARN_SUSPICIOUS_MOVE = YES;
				CLANG_WARN_UNGUARDED_AVAILABILITY = YES_AGGRESSIVE;
				CLANG_WARN_UNREACHABLE_CODE = YES;
				CLANG_WARN__DUPLICATE_METHOD_MATCH = YES;
				COPY_PHASE_STRIP = NO;
				DEBUG_INFORMATION_FORMAT = dwarf;
				ENABLE_STRICT_OBJC_MSGSEND = YES;
				ENABLE_TESTABILITY = YES;
				GCC_C_LANGUAGE_STANDARD = gnu11;
				GCC_DYNAMIC_NO_PIC = NO;
				GCC_NO_COMMON_BLOCKS = YES;
				GCC_OPTIMIZATION_LEVEL = 0;
				GCC_PREPROCESSOR_DEFINITIONS = (
					"DEBUG=1",
					"$(inherited)",
				);
				GCC_WARN_64_TO_32_BIT_CONVERSION = YES;
				GCC_WARN_ABOUT_RETURN_TYPE = YES_ERROR;
				GCC_WARN_UNDECLARED_SELECTOR = YES;
				GCC_WARN_UNINITIALIZED_AUTOS = YES_AGGRESSIVE;
				GCC_WARN_UNUSED_FUNCTION = YES;
				GCC_WARN_UNUSED_VARIABLE = YES;
				MTL_ENABLE_DEBUG_INFO = INCLUDE_SOURCE;
				MTL_FAST_MATH = YES;
				ONLY_ACTIVE_ARCH = YES;
				SWIFT_ACTIVE_COMPILATION_CONDITIONS = DEBUG;
				SWIFT_OPTIMIZATION_LEVEL = "-Onone";
			};
			name = Debug;
		};
		C9DEBFF7298941020078B43A /* Release */ = {
			isa = XCBuildConfiguration;
			buildSettings = {
				ALWAYS_SEARCH_USER_PATHS = NO;
				CLANG_ANALYZER_NONNULL = YES;
				CLANG_ANALYZER_NUMBER_OBJECT_CONVERSION = YES_AGGRESSIVE;
				CLANG_CXX_LANGUAGE_STANDARD = "gnu++20";
				CLANG_ENABLE_MODULES = YES;
				CLANG_ENABLE_OBJC_ARC = YES;
				CLANG_ENABLE_OBJC_WEAK = YES;
				CLANG_WARN_BLOCK_CAPTURE_AUTORELEASING = YES;
				CLANG_WARN_BOOL_CONVERSION = YES;
				CLANG_WARN_COMMA = YES;
				CLANG_WARN_CONSTANT_CONVERSION = YES;
				CLANG_WARN_DEPRECATED_OBJC_IMPLEMENTATIONS = YES;
				CLANG_WARN_DIRECT_OBJC_ISA_USAGE = YES_ERROR;
				CLANG_WARN_DOCUMENTATION_COMMENTS = YES;
				CLANG_WARN_EMPTY_BODY = YES;
				CLANG_WARN_ENUM_CONVERSION = YES;
				CLANG_WARN_INFINITE_RECURSION = YES;
				CLANG_WARN_INT_CONVERSION = YES;
				CLANG_WARN_NON_LITERAL_NULL_CONVERSION = YES;
				CLANG_WARN_OBJC_IMPLICIT_RETAIN_SELF = YES;
				CLANG_WARN_OBJC_LITERAL_CONVERSION = YES;
				CLANG_WARN_OBJC_ROOT_CLASS = YES_ERROR;
				CLANG_WARN_QUOTED_INCLUDE_IN_FRAMEWORK_HEADER = YES;
				CLANG_WARN_RANGE_LOOP_ANALYSIS = YES;
				CLANG_WARN_STRICT_PROTOTYPES = YES;
				CLANG_WARN_SUSPICIOUS_MOVE = YES;
				CLANG_WARN_UNGUARDED_AVAILABILITY = YES_AGGRESSIVE;
				CLANG_WARN_UNREACHABLE_CODE = YES;
				CLANG_WARN__DUPLICATE_METHOD_MATCH = YES;
				COPY_PHASE_STRIP = NO;
				DEBUG_INFORMATION_FORMAT = "dwarf-with-dsym";
				ENABLE_NS_ASSERTIONS = NO;
				ENABLE_STRICT_OBJC_MSGSEND = YES;
				GCC_C_LANGUAGE_STANDARD = gnu11;
				GCC_NO_COMMON_BLOCKS = YES;
				GCC_WARN_64_TO_32_BIT_CONVERSION = YES;
				GCC_WARN_ABOUT_RETURN_TYPE = YES_ERROR;
				GCC_WARN_UNDECLARED_SELECTOR = YES;
				GCC_WARN_UNINITIALIZED_AUTOS = YES_AGGRESSIVE;
				GCC_WARN_UNUSED_FUNCTION = YES;
				GCC_WARN_UNUSED_VARIABLE = YES;
				MTL_ENABLE_DEBUG_INFO = NO;
				MTL_FAST_MATH = YES;
				SWIFT_COMPILATION_MODE = wholemodule;
				SWIFT_OPTIMIZATION_LEVEL = "-O";
			};
			name = Release;
		};
		C9DEBFF9298941020078B43A /* Debug */ = {
			isa = XCBuildConfiguration;
			buildSettings = {
				ASSETCATALOG_COMPILER_APPICON_NAME = AppIcon;
				ASSETCATALOG_COMPILER_GLOBAL_ACCENT_COLOR_NAME = AccentColor;
				CODE_SIGN_ENTITLEMENTS = Nos/Nos.entitlements;
				CODE_SIGN_STYLE = Automatic;
				CURRENT_PROJECT_VERSION = 1;
				DEVELOPMENT_ASSET_PATHS = "\"Nos/Views/Preview Content\"";
				DEVELOPMENT_TEAM = GZCZBKH7MY;
				ENABLE_HARDENED_RUNTIME = YES;
				ENABLE_PREVIEWS = YES;
				GENERATE_INFOPLIST_FILE = YES;
				"INFOPLIST_KEY_UIApplicationSceneManifest_Generation[sdk=iphoneos*]" = YES;
				"INFOPLIST_KEY_UIApplicationSceneManifest_Generation[sdk=iphonesimulator*]" = YES;
				"INFOPLIST_KEY_UIApplicationSupportsIndirectInputEvents[sdk=iphoneos*]" = YES;
				"INFOPLIST_KEY_UIApplicationSupportsIndirectInputEvents[sdk=iphonesimulator*]" = YES;
				"INFOPLIST_KEY_UILaunchScreen_Generation[sdk=iphoneos*]" = YES;
				"INFOPLIST_KEY_UILaunchScreen_Generation[sdk=iphonesimulator*]" = YES;
				"INFOPLIST_KEY_UIStatusBarStyle[sdk=iphoneos*]" = UIStatusBarStyleDefault;
				"INFOPLIST_KEY_UIStatusBarStyle[sdk=iphonesimulator*]" = UIStatusBarStyleDefault;
				INFOPLIST_KEY_UISupportedInterfaceOrientations_iPad = "UIInterfaceOrientationPortrait UIInterfaceOrientationPortraitUpsideDown UIInterfaceOrientationLandscapeLeft UIInterfaceOrientationLandscapeRight";
				INFOPLIST_KEY_UISupportedInterfaceOrientations_iPhone = "UIInterfaceOrientationPortrait UIInterfaceOrientationLandscapeLeft UIInterfaceOrientationLandscapeRight";
				IPHONEOS_DEPLOYMENT_TARGET = 16.2;
				LD_RUNPATH_SEARCH_PATHS = "@executable_path/Frameworks";
				"LD_RUNPATH_SEARCH_PATHS[sdk=macosx*]" = "@executable_path/../Frameworks";
				MACOSX_DEPLOYMENT_TARGET = 13.1;
				MARKETING_VERSION = 0.1;
				PRODUCT_BUNDLE_IDENTIFIER = com.verse.Nos;
				PRODUCT_NAME = "$(TARGET_NAME)";
				SDKROOT = auto;
				SUPPORTED_PLATFORMS = "iphoneos iphonesimulator macosx";
				SWIFT_EMIT_LOC_STRINGS = YES;
				SWIFT_VERSION = 5.0;
				TARGETED_DEVICE_FAMILY = "1,2";
			};
			name = Debug;
		};
		C9DEBFFA298941020078B43A /* Release */ = {
			isa = XCBuildConfiguration;
			buildSettings = {
				ASSETCATALOG_COMPILER_APPICON_NAME = AppIcon;
				ASSETCATALOG_COMPILER_GLOBAL_ACCENT_COLOR_NAME = AccentColor;
				CODE_SIGN_ENTITLEMENTS = Nos/Nos.entitlements;
				CODE_SIGN_STYLE = Automatic;
				CURRENT_PROJECT_VERSION = 1;
				DEVELOPMENT_ASSET_PATHS = "\"Nos/Views/Preview Content\"";
				DEVELOPMENT_TEAM = GZCZBKH7MY;
				ENABLE_HARDENED_RUNTIME = YES;
				ENABLE_PREVIEWS = YES;
				GENERATE_INFOPLIST_FILE = YES;
				"INFOPLIST_KEY_UIApplicationSceneManifest_Generation[sdk=iphoneos*]" = YES;
				"INFOPLIST_KEY_UIApplicationSceneManifest_Generation[sdk=iphonesimulator*]" = YES;
				"INFOPLIST_KEY_UIApplicationSupportsIndirectInputEvents[sdk=iphoneos*]" = YES;
				"INFOPLIST_KEY_UIApplicationSupportsIndirectInputEvents[sdk=iphonesimulator*]" = YES;
				"INFOPLIST_KEY_UILaunchScreen_Generation[sdk=iphoneos*]" = YES;
				"INFOPLIST_KEY_UILaunchScreen_Generation[sdk=iphonesimulator*]" = YES;
				"INFOPLIST_KEY_UIStatusBarStyle[sdk=iphoneos*]" = UIStatusBarStyleDefault;
				"INFOPLIST_KEY_UIStatusBarStyle[sdk=iphonesimulator*]" = UIStatusBarStyleDefault;
				INFOPLIST_KEY_UISupportedInterfaceOrientations_iPad = "UIInterfaceOrientationPortrait UIInterfaceOrientationPortraitUpsideDown UIInterfaceOrientationLandscapeLeft UIInterfaceOrientationLandscapeRight";
				INFOPLIST_KEY_UISupportedInterfaceOrientations_iPhone = "UIInterfaceOrientationPortrait UIInterfaceOrientationLandscapeLeft UIInterfaceOrientationLandscapeRight";
				IPHONEOS_DEPLOYMENT_TARGET = 16.2;
				LD_RUNPATH_SEARCH_PATHS = "@executable_path/Frameworks";
				"LD_RUNPATH_SEARCH_PATHS[sdk=macosx*]" = "@executable_path/../Frameworks";
				MACOSX_DEPLOYMENT_TARGET = 13.1;
				MARKETING_VERSION = 0.1;
				PRODUCT_BUNDLE_IDENTIFIER = com.verse.Nos;
				PRODUCT_NAME = "$(TARGET_NAME)";
				SDKROOT = auto;
				SUPPORTED_PLATFORMS = "iphoneos iphonesimulator macosx";
				SWIFT_EMIT_LOC_STRINGS = YES;
				SWIFT_VERSION = 5.0;
				TARGETED_DEVICE_FAMILY = "1,2";
			};
			name = Release;
		};
		C9DEBFFC298941020078B43A /* Debug */ = {
			isa = XCBuildConfiguration;
			buildSettings = {
				ALWAYS_EMBED_SWIFT_STANDARD_LIBRARIES = YES;
				CODE_SIGN_STYLE = Automatic;
				CURRENT_PROJECT_VERSION = 1;
				DEVELOPMENT_TEAM = GZCZBKH7MY;
				GENERATE_INFOPLIST_FILE = YES;
				HEADER_SEARCH_PATHS = "";
				IPHONEOS_DEPLOYMENT_TARGET = 16.2;
				MACOSX_DEPLOYMENT_TARGET = 13.1;
				MARKETING_VERSION = 1.0;
				PRODUCT_BUNDLE_IDENTIFIER = com.verse.NosTests;
				PRODUCT_NAME = "$(TARGET_NAME)";
				SDKROOT = auto;
				SUPPORTED_PLATFORMS = "iphoneos iphonesimulator macosx";
				SWIFT_EMIT_LOC_STRINGS = NO;
				SWIFT_VERSION = 5.0;
				TARGETED_DEVICE_FAMILY = "1,2";
			};
			name = Debug;
		};
		C9DEBFFD298941020078B43A /* Release */ = {
			isa = XCBuildConfiguration;
			buildSettings = {
				ALWAYS_EMBED_SWIFT_STANDARD_LIBRARIES = YES;
				CODE_SIGN_STYLE = Automatic;
				CURRENT_PROJECT_VERSION = 1;
				DEVELOPMENT_TEAM = GZCZBKH7MY;
				GENERATE_INFOPLIST_FILE = YES;
				HEADER_SEARCH_PATHS = "";
				IPHONEOS_DEPLOYMENT_TARGET = 16.2;
				MACOSX_DEPLOYMENT_TARGET = 13.1;
				MARKETING_VERSION = 1.0;
				PRODUCT_BUNDLE_IDENTIFIER = com.verse.NosTests;
				PRODUCT_NAME = "$(TARGET_NAME)";
				SDKROOT = auto;
				SUPPORTED_PLATFORMS = "iphoneos iphonesimulator macosx";
				SWIFT_EMIT_LOC_STRINGS = NO;
				SWIFT_VERSION = 5.0;
				TARGETED_DEVICE_FAMILY = "1,2";
			};
			name = Release;
		};
		C9DEBFFF298941020078B43A /* Debug */ = {
			isa = XCBuildConfiguration;
			buildSettings = {
				ALWAYS_EMBED_SWIFT_STANDARD_LIBRARIES = YES;
				CODE_SIGN_STYLE = Automatic;
				CURRENT_PROJECT_VERSION = 1;
				DEVELOPMENT_TEAM = GZCZBKH7MY;
				GENERATE_INFOPLIST_FILE = YES;
				IPHONEOS_DEPLOYMENT_TARGET = 16.2;
				MACOSX_DEPLOYMENT_TARGET = 13.1;
				MARKETING_VERSION = 1.0;
				PRODUCT_BUNDLE_IDENTIFIER = com.verse.NosUITests;
				PRODUCT_NAME = "$(TARGET_NAME)";
				SDKROOT = auto;
				SUPPORTED_PLATFORMS = "iphoneos iphonesimulator macosx";
				SWIFT_EMIT_LOC_STRINGS = NO;
				SWIFT_VERSION = 5.0;
				TARGETED_DEVICE_FAMILY = "1,2";
				TEST_TARGET_NAME = Nos;
			};
			name = Debug;
		};
		C9DEC000298941020078B43A /* Release */ = {
			isa = XCBuildConfiguration;
			buildSettings = {
				ALWAYS_EMBED_SWIFT_STANDARD_LIBRARIES = YES;
				CODE_SIGN_STYLE = Automatic;
				CURRENT_PROJECT_VERSION = 1;
				DEVELOPMENT_TEAM = GZCZBKH7MY;
				GENERATE_INFOPLIST_FILE = YES;
				IPHONEOS_DEPLOYMENT_TARGET = 16.2;
				MACOSX_DEPLOYMENT_TARGET = 13.1;
				MARKETING_VERSION = 1.0;
				PRODUCT_BUNDLE_IDENTIFIER = com.verse.NosUITests;
				PRODUCT_NAME = "$(TARGET_NAME)";
				SDKROOT = auto;
				SUPPORTED_PLATFORMS = "iphoneos iphonesimulator macosx";
				SWIFT_EMIT_LOC_STRINGS = NO;
				SWIFT_VERSION = 5.0;
				TARGETED_DEVICE_FAMILY = "1,2";
				TEST_TARGET_NAME = Nos;
			};
			name = Release;
		};
/* End XCBuildConfiguration section */

/* Begin XCConfigurationList section */
		C9DEBFC9298941000078B43A /* Build configuration list for PBXProject "Nos" */ = {
			isa = XCConfigurationList;
			buildConfigurations = (
				C9DEBFF6298941020078B43A /* Debug */,
				C9DEBFF7298941020078B43A /* Release */,
			);
			defaultConfigurationIsVisible = 0;
			defaultConfigurationName = Release;
		};
		C9DEBFF8298941020078B43A /* Build configuration list for PBXNativeTarget "Nos" */ = {
			isa = XCConfigurationList;
			buildConfigurations = (
				C9DEBFF9298941020078B43A /* Debug */,
				C9DEBFFA298941020078B43A /* Release */,
			);
			defaultConfigurationIsVisible = 0;
			defaultConfigurationName = Release;
		};
		C9DEBFFB298941020078B43A /* Build configuration list for PBXNativeTarget "NosTests" */ = {
			isa = XCConfigurationList;
			buildConfigurations = (
				C9DEBFFC298941020078B43A /* Debug */,
				C9DEBFFD298941020078B43A /* Release */,
			);
			defaultConfigurationIsVisible = 0;
			defaultConfigurationName = Release;
		};
		C9DEBFFE298941020078B43A /* Build configuration list for PBXNativeTarget "NosUITests" */ = {
			isa = XCConfigurationList;
			buildConfigurations = (
				C9DEBFFF298941020078B43A /* Debug */,
				C9DEC000298941020078B43A /* Release */,
			);
			defaultConfigurationIsVisible = 0;
			defaultConfigurationName = Release;
		};
/* End XCConfigurationList section */

/* Begin XCRemoteSwiftPackageReference section */
		C94D855D29914D2300749478 /* XCRemoteSwiftPackageReference "swiftui-navigation" */ = {
			isa = XCRemoteSwiftPackageReference;
			repositoryURL = "https://github.com/pointfreeco/swiftui-navigation";
			requirement = {
				kind = upToNextMajorVersion;
				minimumVersion = 0.6.1;
			};
		};
		C97797BA298AB1890046BD25 /* XCRemoteSwiftPackageReference "secp256k1" */ = {
			isa = XCRemoteSwiftPackageReference;
			repositoryURL = "https://github.com/GigaBitcoin/secp256k1.swift";
			requirement = {
				kind = upToNextMajorVersion;
				minimumVersion = 0.9.2;
			};
		};
		C9ADB139299299570075E7F8 /* XCRemoteSwiftPackageReference "bech32" */ = {
			isa = XCRemoteSwiftPackageReference;
			repositoryURL = "https://github.com/0xdeadp00l/bech32.git";
			requirement = {
				branch = master;
				kind = branch;
			};
		};
		C9DEC066298965270078B43A /* XCRemoteSwiftPackageReference "Starscream" */ = {
			isa = XCRemoteSwiftPackageReference;
			repositoryURL = "https://github.com/daltoniam/Starscream.git";
			requirement = {
				branch = master;
				kind = branch;
			};
		};
/* End XCRemoteSwiftPackageReference section */

/* Begin XCSwiftPackageProductDependency section */
		C94D855E29914D2300749478 /* SwiftUINavigation */ = {
			isa = XCSwiftPackageProductDependency;
			package = C94D855D29914D2300749478 /* XCRemoteSwiftPackageReference "swiftui-navigation" */;
			productName = SwiftUINavigation;
		};
		C97797BB298AB1890046BD25 /* secp256k1 */ = {
			isa = XCSwiftPackageProductDependency;
			package = C97797BA298AB1890046BD25 /* XCRemoteSwiftPackageReference "secp256k1" */;
			productName = secp256k1;
		};
		C97797BE298ABE060046BD25 /* secp256k1 */ = {
			isa = XCSwiftPackageProductDependency;
			package = C97797BA298AB1890046BD25 /* XCRemoteSwiftPackageReference "secp256k1" */;
			productName = secp256k1;
		};
		C9DEC067298965270078B43A /* Starscream */ = {
			isa = XCSwiftPackageProductDependency;
			package = C9DEC066298965270078B43A /* XCRemoteSwiftPackageReference "Starscream" */;
			productName = Starscream;
		};
/* End XCSwiftPackageProductDependency section */

/* Begin XCVersionGroup section */
		C9DEBFD5298941000078B43A /* Nos.xcdatamodeld */ = {
			isa = XCVersionGroup;
			children = (
				C9DEBFD6298941000078B43A /* Nos.xcdatamodel */,
			);
			currentVersion = C9DEBFD6298941000078B43A /* Nos.xcdatamodel */;
			path = Nos.xcdatamodeld;
			sourceTree = "<group>";
			versionGroupType = wrapper.xcdatamodel;
		};
/* End XCVersionGroup section */
	};
	rootObject = C9DEBFC6298941000078B43A /* Project object */;
}
